PODS:
  - Ads-CN-Beta (6.2.0.0):
    - Ads-CN-Beta/BUAdSDK (= 6.2.0.0)
  - Ads-CN-Beta/BUAdSDK (6.2.0.0)
  - Ads-CN-Beta/CSJMediation (6.2.0.0):
    - Ads-CN-Beta/BUAdSDK
  - BaiduMobAdSDK (5.351)
  - Flutter (1.0.0)
  - flutter_mediatom (0.0.1):
    - Flutter
    - MediatomiOS/MSaas (= 2.7.7.6)
  - GDTMobSDK (4.14.76):
    - GDTMobSDK/GDTMobSDK (= 4.14.76)
  - GDTMobSDK/GDTMobSDK (4.14.76)
  - GMBaiduAdapter-Beta (5.35.1):
    - Ads-CN-Beta/CSJMediation (>= 6.2.0.0)
  - GMGdtAdapter-Beta (4.14.71.0):
    - Ads-CN-Beta/CSJMediation (>= 6.1.0.9)
  - GMKsAdapter-Beta (3.3.64.0.0):
    - Ads-CN-Beta/CSJMediation (>= 6.2.0.0)
  - JADYun (2.5.12)
  - KSAdSDK (3.3.65)
  - MediatomiOS/MSaas (2.7.7.6)
  - MediatomiOS/SFAdBaiduAdapter (2.7.7.6):
    - BaiduMobAdSDK
    - MediatomiOS/MSaas
  - MediatomiOS/SFAdCsjAdapter (2.7.7.6):
    - Ads-CN-Beta/BUAdSDK
    - Ads-CN-Beta/CSJMediation
    - MediatomiOS/MSaas
  - MediatomiOS/SFAdGdtAdapter (2.7.7.6):
    - GDTMobSDK
    - MediatomiOS/MSaas
  - MediatomiOS/SFAdJztAdapter (2.7.7.6):
    - JADYun
    - MediatomiOS/MSaas
  - MediatomiOS/SFAdKsAdapter (2.7.7.6):
    - KSAdSDK
    - MediatomiOS/MSaas

DEPENDENCIES:
  - Ads-CN-Beta (= 6.2.0.0)
  - BaiduMobAdSDK (= 5.351)
  - Flutter (from `Flutter`)
  - flutter_mediatom (from `.symlinks/plugins/flutter_mediatom/ios`)
  - GDTMobSDK (= 4.14.76)
  - GMBaiduAdapter-Beta (= 5.35.1)
  - GMGdtAdapter-Beta (= 4.14.71.0)
  - GMKsAdapter-Beta (= 3.3.64.0.0)
  - JADYun (= 2.5.12)
  - KSAdSDK (= 3.3.65)
  - MediatomiOS/SFAdBaiduAdapter
  - MediatomiOS/SFAdCsjAdapter
  - MediatomiOS/SFAdGdtAdapter
  - MediatomiOS/SFAdJztAdapter
  - MediatomiOS/SFAdKsAdapter

SPEC REPOS:
  trunk:
    - Ads-CN-Beta
    - BaiduMobAdSDK
    - GDTMobSDK
    - GMBaiduAdapter-Beta
    - GMGdtAdapter-Beta
    - GMKsAdapter-Beta
    - JADYun
    - KSAdSDK
    - MediatomiOS

EXTERNAL SOURCES:
  Flutter:
    :path: Flutter
  flutter_mediatom:
    :path: ".symlinks/plugins/flutter_mediatom/ios"

SPEC CHECKSUMS:
  Ads-CN-Beta: 7a82a9a84e5af6b37d78ea1364648f652df26020
  BaiduMobAdSDK: f89cebc91fabe453935dd878ab50cd9113d9f258
  Flutter: f04841e97a9d0b0a8025694d0796dd46242b2854
  flutter_mediatom: 05b20e814cd4deb8b893a5983a5522aefb065cf5
  GDTMobSDK: 037a4e91a91d277d7864fa0f413599acecc6e8f4
  GMBaiduAdapter-Beta: e0595477ccde9bd8af59a88bfccc9c05851967d3
  GMGdtAdapter-Beta: f222a1c6c9a762513c24e24c9bbc4b2dc9b51aaf
  GMKsAdapter-Beta: 39a985c9e198fc449e47ae0f0cdea085973fdf3a
  JADYun: 0a65cca094e9e24d40e9575a82146e5391429bbe
  KSAdSDK: b7f90537041c6dbff0f1f8de52ea222e01149a3d
  MediatomiOS: da3f5e8f481a1a50b4983dd2cb0efec964273eef

PODFILE CHECKSUM: e4afd71f8186366b580957608502fe4d325d7711

COCOAPODS: 1.11.3
