PODS:
  - Ads-Fusion-CN-Beta (5.9.0.8):
    - Ads-Fusion-CN-Beta/BUAdSDK (= 5.9.0.8)
  - Ads-Fusion-CN-Beta/BUAdSDK (5.9.0.8)
  - Ads-Fusion-CN-Beta/CSJMediation (5.9.0.8):
    - Ads-Fusion-CN-Beta/BUAdSDK
  - BaiduMobAdSDK (5.332)
  - CSJMBaiduAdapter (5.332.0):
    - Ads-Fusion-CN-Beta/CSJMediation (>= 5.9.0.7)
  - CSJMGdtAdapter (4.14.60.0):
    - Ads-Fusion-CN-Beta/CSJMediation (>= 5.9.0.7)
  - Flutter (1.0.0)
  - flutter_mediatom (0.0.1):
    - Flutter
    - MediatomiOS/MSaas
  - GDTMobSDK (4.14.70):
    - GDTMobSDK/GDTMobSDK (= 4.14.70)
  - GDTMobSDK/GDTMobSDK (4.14.70)
  - KSAdSDK (3.3.61)
  - MediatomiOS/MSaas (2.7.6.3)
  - MediatomiOS/SFAdBaiduAdapter (2.7.6.3):
    - BaiduMobAdSDK
    - MediatomiOS/MSaas
  - MediatomiOS/SFAdCsjAdapter (2.7.6.3):
    - Ads-Fusion-CN-Beta
    - Ads-Fusion-CN-Beta/CSJMediation
    - MediatomiOS/MSaas
  - MediatomiOS/SFAdGdtAdapter (2.7.6.3):
    - GDTMobSDK
    - MediatomiOS/MSaas
  - MediatomiOS/SFAdKsAdapter (2.7.6.3):
    - KSAdSDK
    - MediatomiOS/MSaas

DEPENDENCIES:
  - Ads-Fusion-CN-Beta (= 5.9.0.8)
  - CSJMBaiduAdapter
  - CSJMGdtAdapter
  - Flutter (from `Flutter`)
  - flutter_mediatom (from `.symlinks/plugins/flutter_mediatom/ios`)
  - MediatomiOS/SFAdBaiduAdapter
  - MediatomiOS/SFAdCsjAdapter
  - MediatomiOS/SFAdGdtAdapter
  - MediatomiOS/SFAdKsAdapter

SPEC REPOS:
  trunk:
    - Ads-Fusion-CN-Beta
    - BaiduMobAdSDK
    - CSJMBaiduAdapter
    - CSJMGdtAdapter
    - GDTMobSDK
    - KSAdSDK
    - MediatomiOS

EXTERNAL SOURCES:
  Flutter:
    :path: Flutter
  flutter_mediatom:
    :path: ".symlinks/plugins/flutter_mediatom/ios"

SPEC CHECKSUMS:
  Ads-Fusion-CN-Beta: b48770eff0eea9d9b9239012b7675ebd99d26e7b
  BaiduMobAdSDK: bda202a9984e9e2bba764091da25161ecb60b6d4
  CSJMBaiduAdapter: 0417aa183f0ff02e7e664521cf9f05cd3a3d00f2
  CSJMGdtAdapter: c43af23e7b1f42b6fc024ac769002205f43aa553
  Flutter: f04841e97a9d0b0a8025694d0796dd46242b2854
  flutter_mediatom: 0ba3aef823db481d9ce156514865054f5f660a3d
  GDTMobSDK: fb811b374943e502e5ae4e91fc7c6ef13472424e
  KSAdSDK: 7754afd132df893c0c7a493fa878cbee7af6ff3c
  MediatomiOS: dcb0931f81808d5d29becbdad501b78c48f4f829

PODFILE CHECKSUM: 6c2528a4069c14a47f4c21f552ee5b4542fcc13e

COCOAPODS: 1.11.3
